// !$*UTF8*$!
{
	archiveVersion = 1;
	classes = {
	};
	objectVersion = 50;
	objects = {

/* Begin PBXBuildFile section */
		0632F9FA242C5E3D00024F67 /* AppDelegate.swift in Sources */ = {isa = PBXBuildFile; fileRef = 0632F9F9242C5E3D00024F67 /* AppDelegate.swift */; };
		0632F9FC242C5E3D00024F67 /* SceneDelegate.swift in Sources */ = {isa = PBXBuildFile; fileRef = 0632F9FB242C5E3D00024F67 /* SceneDelegate.swift */; };
		0632F9FE242C5E3D00024F67 /* ContentView.swift in Sources */ = {isa = PBXBuildFile; fileRef = 0632F9FD242C5E3D00024F67 /* ContentView.swift */; };
		0632FA00242C5E3F00024F67 /* Assets.xcassets in Resources */ = {isa = PBXBuildFile; fileRef = 0632F9FF242C5E3F00024F67 /* Assets.xcassets */; };
		0632FA03242C5E3F00024F67 /* Preview Assets.xcassets in Resources */ = {isa = PBXBuildFile; fileRef = 0632FA02242C5E3F00024F67 /* Preview Assets.xcassets */; };
		0632FA06242C5E3F00024F67 /* LaunchScreen.storyboard in Resources */ = {isa = PBXBuildFile; fileRef = 0632FA04242C5E3F00024F67 /* LaunchScreen.storyboard */; };
		0632FA11242C5E3F00024F67 /* timerTests.swift in Sources */ = {isa = PBXBuildFile; fileRef = 0632FA10242C5E3F00024F67 /* timerTests.swift */; };
		0632FA1C242C5E3F00024F67 /* timerUITests.swift in Sources */ = {isa = PBXBuildFile; fileRef = 0632FA1B242C5E3F00024F67 /* timerUITests.swift */; };
/* End PBXBuildFile section */

/* Begin PBXContainerItemProxy section */
		0632FA0D242C5E3F00024F67 /* PBXContainerItemProxy */ = {
			isa = PBXContainerItemProxy;
			containerPortal = 0632F9EE242C5E3D00024F67 /* Project object */;
			proxyType = 1;
			remoteGlobalIDString = 0632F9F5242C5E3D00024F67;
			remoteInfo = timer;
		};
		0632FA18242C5E3F00024F67 /* PBXContainerItemProxy */ = {
			isa = PBXContainerItemProxy;
			containerPortal = 0632F9EE242C5E3D00024F67 /* Project object */;
			proxyType = 1;
			remoteGlobalIDString = 0632F9F5242C5E3D00024F67;
			remoteInfo = timer;
		};
/* End PBXContainerItemProxy section */

/* Begin PBXFileReference section */
		0632F9F6242C5E3D00024F67 /* timer.app */ = {isa = PBXFileReference; explicitFileType = wrapper.application; includeInIndex = 0; path = timer.app; sourceTree = BUILT_PRODUCTS_DIR; };
		0632F9F9242C5E3D00024F67 /* AppDelegate.swift */ = {isa = PBXFileReference; lastKnownFileType = sourcecode.swift; path = AppDelegate.swift; sourceTree = "<group>"; };
		0632F9FB242C5E3D00024F67 /* SceneDelegate.swift */ = {isa = PBXFileReference; lastKnownFileType = sourcecode.swift; path = SceneDelegate.swift; sourceTree = "<group>"; };
		0632F9FD242C5E3D00024F67 /* ContentView.swift */ = {isa = PBXFileReference; lastKnownFileType = sourcecode.swift; path = ContentView.swift; sourceTree = "<group>"; };
		0632F9FF242C5E3F00024F67 /* Assets.xcassets */ = {isa = PBXFileReference; lastKnownFileType = folder.assetcatalog; path = Assets.xcassets; sourceTree = "<group>"; };
		0632FA02242C5E3F00024F67 /* Preview Assets.xcassets */ = {isa = PBXFileReference; lastKnownFileType = folder.assetcatalog; path = "Preview Assets.xcassets"; sourceTree = "<group>"; };
		0632FA05242C5E3F00024F67 /* Base */ = {isa = PBXFileReference; lastKnownFileType = file.storyboard; name = Base; path = Base.lproj/LaunchScreen.storyboard; sourceTree = "<group>"; };
		0632FA07242C5E3F00024F67 /* Info.plist */ = {isa = PBXFileReference; lastKnownFileType = text.plist.xml; path = Info.plist; sourceTree = "<group>"; };
		0632FA0C242C5E3F00024F67 /* timerTests.xctest */ = {isa = PBXFileReference; explicitFileType = wrapper.cfbundle; includeInIndex = 0; path = timerTests.xctest; sourceTree = BUILT_PRODUCTS_DIR; };
		0632FA10242C5E3F00024F67 /* timerTests.swift */ = {isa = PBXFileReference; lastKnownFileType = sourcecode.swift; path = timerTests.swift; sourceTree = "<group>"; };
		0632FA12242C5E3F00024F67 /* Info.plist */ = {isa = PBXFileReference; lastKnownFileType = text.plist.xml; path = Info.plist; sourceTree = "<group>"; };
		0632FA17242C5E3F00024F67 /* timerUITests.xctest */ = {isa = PBXFileReference; explicitFileType = wrapper.cfbundle; includeInIndex = 0; path = timerUITests.xctest; sourceTree = BUILT_PRODUCTS_DIR; };
		0632FA1B242C5E3F00024F67 /* timerUITests.swift */ = {isa = PBXFileReference; lastKnownFileType = sourcecode.swift; path = timerUITests.swift; sourceTree = "<group>"; };
		0632FA1D242C5E3F00024F67 /* Info.plist */ = {isa = PBXFileReference; lastKnownFileType = text.plist.xml; path = Info.plist; sourceTree = "<group>"; };
/* End PBXFileReference section */

/* Begin PBXFrameworksBuildPhase section */
		0632F9F3242C5E3D00024F67 /* Frameworks */ = {
			isa = PBXFrameworksBuildPhase;
			buildActionMask = 2147483647;
			files = (
			);
			runOnlyForDeploymentPostprocessing = 0;
		};
		0632FA09242C5E3F00024F67 /* Frameworks */ = {
			isa = PBXFrameworksBuildPhase;
			buildActionMask = 2147483647;
			files = (
			);
			runOnlyForDeploymentPostprocessing = 0;
		};
		0632FA14242C5E3F00024F67 /* Frameworks */ = {
			isa = PBXFrameworksBuildPhase;
			buildActionMask = 2147483647;
			files = (
			);
			runOnlyForDeploymentPostprocessing = 0;
		};
/* End PBXFrameworksBuildPhase section */

/* Begin PBXGroup section */
		0632F9ED242C5E3D00024F67 = {
			isa = PBXGroup;
			children = (
				0632F9F8242C5E3D00024F67 /* timer */,
				0632FA0F242C5E3F00024F67 /* timerTests */,
				0632FA1A242C5E3F00024F67 /* timerUITests */,
				0632F9F7242C5E3D00024F67 /* Products */,
			);
			sourceTree = "<group>";
		};
		0632F9F7242C5E3D00024F67 /* Products */ = {
			isa = PBXGroup;
			children = (
				0632F9F6242C5E3D00024F67 /* timer.app */,
				0632FA0C242C5E3F00024F67 /* timerTests.xctest */,
				0632FA17242C5E3F00024F67 /* timerUITests.xctest */,
			);
			name = Products;
			sourceTree = "<group>";
		};
		0632F9F8242C5E3D00024F67 /* timer */ = {
			isa = PBXGroup;
			children = (
				0632F9F9242C5E3D00024F67 /* AppDelegate.swift */,
				0632F9FB242C5E3D00024F67 /* SceneDelegate.swift */,
				0632F9FD242C5E3D00024F67 /* ContentView.swift */,
				0632F9FF242C5E3F00024F67 /* Assets.xcassets */,
				0632FA04242C5E3F00024F67 /* LaunchScreen.storyboard */,
				0632FA07242C5E3F00024F67 /* Info.plist */,
				0632FA01242C5E3F00024F67 /* Preview Content */,
			);
			path = timer;
			sourceTree = "<group>";
		};
		0632FA01242C5E3F00024F67 /* Preview Content */ = {
			isa = PBXGroup;
			children = (
				0632FA02242C5E3F00024F67 /* Preview Assets.xcassets */,
			);
			path = "Preview Content";
			sourceTree = "<group>";
		};
		0632FA0F242C5E3F00024F67 /* timerTests */ = {
			isa = PBXGroup;
			children = (
				0632FA10242C5E3F00024F67 /* timerTests.swift */,
				0632FA12242C5E3F00024F67 /* Info.plist */,
			);
			path = timerTests;
			sourceTree = "<group>";
		};
		0632FA1A242C5E3F00024F67 /* timerUITests */ = {
			isa = PBXGroup;
			children = (
				0632FA1B242C5E3F00024F67 /* timerUITests.swift */,
				0632FA1D242C5E3F00024F67 /* Info.plist */,
			);
			path = timerUITests;
			sourceTree = "<group>";
		};
/* End PBXGroup section */

/* Begin PBXNativeTarget section */
		0632F9F5242C5E3D00024F67 /* timer */ = {
			isa = PBXNativeTarget;
			buildConfigurationList = 0632FA20242C5E3F00024F67 /* Build configuration list for PBXNativeTarget "timer" */;
			buildPhases = (
				0632F9F2242C5E3D00024F67 /* Sources */,
				0632F9F3242C5E3D00024F67 /* Frameworks */,
				0632F9F4242C5E3D00024F67 /* Resources */,
			);
			buildRules = (
			);
			dependencies = (
			);
			name = timer;
			productName = timer;
			productReference = 0632F9F6242C5E3D00024F67 /* timer.app */;
			productType = "com.apple.product-type.application";
		};
		0632FA0B242C5E3F00024F67 /* timerTests */ = {
			isa = PBXNativeTarget;
			buildConfigurationList = 0632FA23242C5E3F00024F67 /* Build configuration list for PBXNativeTarget "timerTests" */;
			buildPhases = (
				0632FA08242C5E3F00024F67 /* Sources */,
				0632FA09242C5E3F00024F67 /* Frameworks */,
				0632FA0A242C5E3F00024F67 /* Resources */,
			);
			buildRules = (
			);
			dependencies = (
				0632FA0E242C5E3F00024F67 /* PBXTargetDependency */,
			);
			name = timerTests;
			productName = timerTests;
			productReference = 0632FA0C242C5E3F00024F67 /* timerTests.xctest */;
			productType = "com.apple.product-type.bundle.unit-test";
		};
		0632FA16242C5E3F00024F67 /* timerUITests */ = {
			isa = PBXNativeTarget;
			buildConfigurationList = 0632FA26242C5E3F00024F67 /* Build configuration list for PBXNativeTarget "timerUITests" */;
			buildPhases = (
				0632FA13242C5E3F00024F67 /* Sources */,
				0632FA14242C5E3F00024F67 /* Frameworks */,
				0632FA15242C5E3F00024F67 /* Resources */,
			);
			buildRules = (
			);
			dependencies = (
				0632FA19242C5E3F00024F67 /* PBXTargetDependency */,
			);
			name = timerUITests;
			productName = timerUITests;
			productReference = 0632FA17242C5E3F00024F67 /* timerUITests.xctest */;
			productType = "com.apple.product-type.bundle.ui-testing";
		};
/* End PBXNativeTarget section */

/* Begin PBXProject section */
		0632F9EE242C5E3D00024F67 /* Project object */ = {
			isa = PBXProject;
			attributes = {
				LastSwiftUpdateCheck = 1130;
				LastUpgradeCheck = 1130;
				ORGANIZATIONNAME = "Ezra Bathini";
				TargetAttributes = {
					0632F9F5242C5E3D00024F67 = {
						CreatedOnToolsVersion = 11.3;
					};
					0632FA0B242C5E3F00024F67 = {
						CreatedOnToolsVersion = 11.3;
						TestTargetID = 0632F9F5242C5E3D00024F67;
					};
					0632FA16242C5E3F00024F67 = {
						CreatedOnToolsVersion = 11.3;
						TestTargetID = 0632F9F5242C5E3D00024F67;
					};
				};
			};
			buildConfigurationList = 0632F9F1242C5E3D00024F67 /* Build configuration list for PBXProject "timer" */;
			compatibilityVersion = "Xcode 9.3";
			developmentRegion = en;
			hasScannedForEncodings = 0;
			knownRegions = (
				en,
				Base,
			);
			mainGroup = 0632F9ED242C5E3D00024F67;
			productRefGroup = 0632F9F7242C5E3D00024F67 /* Products */;
			projectDirPath = "";
			projectRoot = "";
			targets = (
				0632F9F5242C5E3D00024F67 /* timer */,
				0632FA0B242C5E3F00024F67 /* timerTests */,
				0632FA16242C5E3F00024F67 /* timerUITests */,
			);
		};
/* End PBXProject section */

/* Begin PBXResourcesBuildPhase section */
		0632F9F4242C5E3D00024F67 /* Resources */ = {
			isa = PBXResourcesBuildPhase;
			buildActionMask = 2147483647;
			files = (
				0632FA06242C5E3F00024F67 /* LaunchScreen.storyboard in Resources */,
				0632FA03242C5E3F00024F67 /* Preview Assets.xcassets in Resources */,
				0632FA00242C5E3F00024F67 /* Assets.xcassets in Resources */,
			);
			runOnlyForDeploymentPostprocessing = 0;
		};
		0632FA0A242C5E3F00024F67 /* Resources */ = {
			isa = PBXResourcesBuildPhase;
			buildActionMask = 2147483647;
			files = (
			);
			runOnlyForDeploymentPostprocessing = 0;
		};
		0632FA15242C5E3F00024F67 /* Resources */ = {
			isa = PBXResourcesBuildPhase;
			buildActionMask = 2147483647;
			files = (
			);
			runOnlyForDeploymentPostprocessing = 0;
		};
/* End PBXResourcesBuildPhase section */

/* Begin PBXSourcesBuildPhase section */
		0632F9F2242C5E3D00024F67 /* Sources */ = {
			isa = PBXSourcesBuildPhase;
			buildActionMask = 2147483647;
			files = (
				0632F9FA242C5E3D00024F67 /* AppDelegate.swift in Sources */,
				0632F9FC242C5E3D00024F67 /* SceneDelegate.swift in Sources */,
				0632F9FE242C5E3D00024F67 /* ContentView.swift in Sources */,
			);
			runOnlyForDeploymentPostprocessing = 0;
		};
		0632FA08242C5E3F00024F67 /* Sources */ = {
			isa = PBXSourcesBuildPhase;
			buildActionMask = 2147483647;
			files = (
				0632FA11242C5E3F00024F67 /* timerTests.swift in Sources */,
			);
			runOnlyForDeploymentPostprocessing = 0;
		};
		0632FA13242C5E3F00024F67 /* Sources */ = {
			isa = PBXSourcesBuildPhase;
			buildActionMask = 2147483647;
			files = (
				0632FA1C242C5E3F00024F67 /* timerUITests.swift in Sources */,
			);
			runOnlyForDeploymentPostprocessing = 0;
		};
/* End PBXSourcesBuildPhase section */

/* Begin PBXTargetDependency section */
		0632FA0E242C5E3F00024F67 /* PBXTargetDependency */ = {
			isa = PBXTargetDependency;
			target = 0632F9F5242C5E3D00024F67 /* timer */;
			targetProxy = 0632FA0D242C5E3F00024F67 /* PBXContainerItemProxy */;
		};
		0632FA19242C5E3F00024F67 /* PBXTargetDependency */ = {
			isa = PBXTargetDependency;
			target = 0632F9F5242C5E3D00024F67 /* timer */;
			targetProxy = 0632FA18242C5E3F00024F67 /* PBXContainerItemProxy */;
		};
/* End PBXTargetDependency section */

/* Begin PBXVariantGroup section */
		0632FA04242C5E3F00024F67 /* LaunchScreen.storyboard */ = {
			isa = PBXVariantGroup;
			children = (
				0632FA05242C5E3F00024F67 /* Base */,
			);
			name = LaunchScreen.storyboard;
			sourceTree = "<group>";
		};
/* End PBXVariantGroup section */

/* Begin XCBuildConfiguration section */
		0632FA1E242C5E3F00024F67 /* Debug */ = {
			isa = XCBuildConfiguration;
			buildSettings = {
				ALWAYS_SEARCH_USER_PATHS = NO;
				CLANG_ANALYZER_NONNULL = YES;
				CLANG_ANALYZER_NUMBER_OBJECT_CONVERSION = YES_AGGRESSIVE;
				CLANG_CXX_LANGUAGE_STANDARD = "gnu++14";
				CLANG_CXX_LIBRARY = "libc++";
				CLANG_ENABLE_MODULES = YES;
				CLANG_ENABLE_OBJC_ARC = YES;
				CLANG_ENABLE_OBJC_WEAK = YES;
				CLANG_WARN_BLOCK_CAPTURE_AUTORELEASING = YES;
				CLANG_WARN_BOOL_CONVERSION = YES;
				CLANG_WARN_COMMA = YES;
				CLANG_WARN_CONSTANT_CONVERSION = YES;
				CLANG_WARN_DEPRECATED_OBJC_IMPLEMENTATIONS = YES;
				CLANG_WARN_DIRECT_OBJC_ISA_USAGE = YES_ERROR;
				CLANG_WARN_DOCUMENTATION_COMMENTS = YES;
				CLANG_WARN_EMPTY_BODY = YES;
				CLANG_WARN_ENUM_CONVERSION = YES;
				CLANG_WARN_INFINITE_RECURSION = YES;
				CLANG_WARN_INT_CONVERSION = YES;
				CLANG_WARN_NON_LITERAL_NULL_CONVERSION = YES;
				CLANG_WARN_OBJC_IMPLICIT_RETAIN_SELF = YES;
				CLANG_WARN_OBJC_LITERAL_CONVERSION = YES;
				CLANG_WARN_OBJC_ROOT_CLASS = YES_ERROR;
				CLANG_WARN_RANGE_LOOP_ANALYSIS = YES;
				CLANG_WARN_STRICT_PROTOTYPES = YES;
				CLANG_WARN_SUSPICIOUS_MOVE = YES;
				CLANG_WARN_UNGUARDED_AVAILABILITY = YES_AGGRESSIVE;
				CLANG_WARN_UNREACHABLE_CODE = YES;
				CLANG_WARN__DUPLICATE_METHOD_MATCH = YES;
				COPY_PHASE_STRIP = NO;
				DEBUG_INFORMATION_FORMAT = dwarf;
				ENABLE_STRICT_OBJC_MSGSEND = YES;
				ENABLE_TESTABILITY = YES;
				GCC_C_LANGUAGE_STANDARD = gnu11;
				GCC_DYNAMIC_NO_PIC = NO;
				GCC_NO_COMMON_BLOCKS = YES;
				GCC_OPTIMIZATION_LEVEL = 0;
				GCC_PREPROCESSOR_DEFINITIONS = (
					"DEBUG=1",
					"$(inherited)",
				);
				GCC_WARN_64_TO_32_BIT_CONVERSION = YES;
				GCC_WARN_ABOUT_RETURN_TYPE = YES_ERROR;
				GCC_WARN_UNDECLARED_SELECTOR = YES;
				GCC_WARN_UNINITIALIZED_AUTOS = YES_AGGRESSIVE;
				GCC_WARN_UNUSED_FUNCTION = YES;
				GCC_WARN_UNUSED_VARIABLE = YES;
				IPHONEOS_DEPLOYMENT_TARGET = 13.2;
				MTL_ENABLE_DEBUG_INFO = INCLUDE_SOURCE;
				MTL_FAST_MATH = YES;
				ONLY_ACTIVE_ARCH = YES;
				SDKROOT = iphoneos;
				SWIFT_ACTIVE_COMPILATION_CONDITIONS = DEBUG;
				SWIFT_OPTIMIZATION_LEVEL = "-Onone";
			};
			name = Debug;
		};
		0632FA1F242C5E3F00024F67 /* Release */ = {
			isa = XCBuildConfiguration;
			buildSettings = {
				ALWAYS_SEARCH_USER_PATHS = NO;
				CLANG_ANALYZER_NONNULL = YES;
				CLANG_ANALYZER_NUMBER_OBJECT_CONVERSION = YES_AGGRESSIVE;
				CLANG_CXX_LANGUAGE_STANDARD = "gnu++14";
				CLANG_CXX_LIBRARY = "libc++";
				CLANG_ENABLE_MODULES = YES;
				CLANG_ENABLE_OBJC_ARC = YES;
				CLANG_ENABLE_OBJC_WEAK = YES;
				CLANG_WARN_BLOCK_CAPTURE_AUTORELEASING = YES;
				CLANG_WARN_BOOL_CONVERSION = YES;
				CLANG_WARN_COMMA = YES;
				CLANG_WARN_CONSTANT_CONVERSION = YES;
				CLANG_WARN_DEPRECATED_OBJC_IMPLEMENTATIONS = YES;
				CLANG_WARN_DIRECT_OBJC_ISA_USAGE = YES_ERROR;
				CLANG_WARN_DOCUMENTATION_COMMENTS = YES;
				CLANG_WARN_EMPTY_BODY = YES;
				CLANG_WARN_ENUM_CONVERSION = YES;
				CLANG_WARN_INFINITE_RECURSION = YES;
				CLANG_WARN_INT_CONVERSION = YES;
				CLANG_WARN_NON_LITERAL_NULL_CONVERSION = YES;
				CLANG_WARN_OBJC_IMPLICIT_RETAIN_SELF = YES;
				CLANG_WARN_OBJC_LITERAL_CONVERSION = YES;
				CLANG_WARN_OBJC_ROOT_CLASS = YES_ERROR;
				CLANG_WARN_RANGE_LOOP_ANALYSIS = YES;
				CLANG_WARN_STRICT_PROTOTYPES = YES;
				CLANG_WARN_SUSPICIOUS_MOVE = YES;
				CLANG_WARN_UNGUARDED_AVAILABILITY = YES_AGGRESSIVE;
				CLANG_WARN_UNREACHABLE_CODE = YES;
				CLANG_WARN__DUPLICATE_METHOD_MATCH = YES;
				COPY_PHASE_STRIP = NO;
				DEBUG_INFORMATION_FORMAT = "dwarf-with-dsym";
				ENABLE_NS_ASSERTIONS = NO;
				ENABLE_STRICT_OBJC_MSGSEND = YES;
				GCC_C_LANGUAGE_STANDARD = gnu11;
				GCC_NO_COMMON_BLOCKS = YES;
				GCC_WARN_64_TO_32_BIT_CONVERSION = YES;
				GCC_WARN_ABOUT_RETURN_TYPE = YES_ERROR;
				GCC_WARN_UNDECLARED_SELECTOR = YES;
				GCC_WARN_UNINITIALIZED_AUTOS = YES_AGGRESSIVE;
				GCC_WARN_UNUSED_FUNCTION = YES;
				GCC_WARN_UNUSED_VARIABLE = YES;
				IPHONEOS_DEPLOYMENT_TARGET = 13.2;
				MTL_ENABLE_DEBUG_INFO = NO;
				MTL_FAST_MATH = YES;
				SDKROOT = iphoneos;
				SWIFT_COMPILATION_MODE = wholemodule;
				SWIFT_OPTIMIZATION_LEVEL = "-O";
				VALIDATE_PRODUCT = YES;
			};
			name = Release;
		};
		0632FA21242C5E3F00024F67 /* Debug */ = {
			isa = XCBuildConfiguration;
			buildSettings = {
				ASSETCATALOG_COMPILER_APPICON_NAME = AppIcon;
				CODE_SIGN_STYLE = Automatic;
				DEVELOPMENT_ASSET_PATHS = "\"timer/Preview Content\"";
				ENABLE_PREVIEWS = YES;
				INFOPLIST_FILE = timer/Info.plist;
				LD_RUNPATH_SEARCH_PATHS = (
					"$(inherited)",
					"@executable_path/Frameworks",
				);
				PRODUCT_BUNDLE_IDENTIFIER = dev.ezrabathini.timer;
				PRODUCT_NAME = "$(TARGET_NAME)";
				SWIFT_VERSION = 5.0;
				TARGETED_DEVICE_FAMILY = "1,2";
			};
			name = Debug;
		};
		0632FA22242C5E3F00024F67 /* Release */ = {
			isa = XCBuildConfiguration;
			buildSettings = {
				ASSETCATALOG_COMPILER_APPICON_NAME = AppIcon;
				CODE_SIGN_STYLE = Automatic;
				DEVELOPMENT_ASSET_PATHS = "\"timer/Preview Content\"";
				ENABLE_PREVIEWS = YES;
				INFOPLIST_FILE = timer/Info.plist;
				LD_RUNPATH_SEARCH_PATHS = (
					"$(inherited)",
					"@executable_path/Frameworks",
				);
				PRODUCT_BUNDLE_IDENTIFIER = dev.ezrabathini.timer;
				PRODUCT_NAME = "$(TARGET_NAME)";
				SWIFT_VERSION = 5.0;
				TARGETED_DEVICE_FAMILY = "1,2";
			};
			name = Release;
		};
		0632FA24242C5E3F00024F67 /* Debug */ = {
			isa = XCBuildConfiguration;
			buildSettings = {
				ALWAYS_EMBED_SWIFT_STANDARD_LIBRARIES = YES;
				BUNDLE_LOADER = "$(TEST_HOST)";
				CODE_SIGN_STYLE = Automatic;
				INFOPLIST_FILE = timerTests/Info.plist;
				IPHONEOS_DEPLOYMENT_TARGET = 13.2;
				LD_RUNPATH_SEARCH_PATHS = (
					"$(inherited)",
					"@executable_path/Frameworks",
					"@loader_path/Frameworks",
				);
				PRODUCT_BUNDLE_IDENTIFIER = dev.ezrabathini.timerTests;
				PRODUCT_NAME = "$(TARGET_NAME)";
				SWIFT_VERSION = 5.0;
				TARGETED_DEVICE_FAMILY = "1,2";
				TEST_HOST = "$(BUILT_PRODUCTS_DIR)/timer.app/timer";
			};
			name = Debug;
		};
		0632FA25242C5E3F00024F67 /* Release */ = {
			isa = XCBuildConfiguration;
			buildSettings = {
				ALWAYS_EMBED_SWIFT_STANDARD_LIBRARIES = YES;
				BUNDLE_LOADER = "$(TEST_HOST)";
				CODE_SIGN_STYLE = Automatic;
				INFOPLIST_FILE = timerTests/Info.plist;
				IPHONEOS_DEPLOYMENT_TARGET = 13.2;
				LD_RUNPATH_SEARCH_PATHS = (
					"$(inherited)",
					"@executable_path/Frameworks",
					"@loader_path/Frameworks",
				);
				PRODUCT_BUNDLE_IDENTIFIER = dev.ezrabathini.timerTests;
				PRODUCT_NAME = "$(TARGET_NAME)";
				SWIFT_VERSION = 5.0;
				TARGETED_DEVICE_FAMILY = "1,2";
				TEST_HOST = "$(BUILT_PRODUCTS_DIR)/timer.app/timer";
			};
			name = Release;
		};
		0632FA27242C5E3F00024F67 /* Debug */ = {
			isa = XCBuildConfiguration;
			buildSettings = {
				ALWAYS_EMBED_SWIFT_STANDARD_LIBRARIES = YES;
				CODE_SIGN_STYLE = Automatic;
				INFOPLIST_FILE = timerUITests/Info.plist;
				LD_RUNPATH_SEARCH_PATHS = (
					"$(inherited)",
					"@executable_path/Frameworks",
					"@loader_path/Frameworks",
				);
				PRODUCT_BUNDLE_IDENTIFIER = dev.ezrabathini.timerUITests;
				PRODUCT_NAME = "$(TARGET_NAME)";
				SWIFT_VERSION = 5.0;
				TARGETED_DEVICE_FAMILY = "1,2";
				TEST_TARGET_NAME = timer;
			};
			name = Debug;
		};
		0632FA28242C5E3F00024F67 /* Release */ = {
			isa = XCBuildConfiguration;
			buildSettings = {
				ALWAYS_EMBED_SWIFT_STANDARD_LIBRARIES = YES;
				CODE_SIGN_STYLE = Automatic;
				INFOPLIST_FILE = timerUITests/Info.plist;
				LD_RUNPATH_SEARCH_PATHS = (
					"$(inherited)",
					"@executable_path/Frameworks",
					"@loader_path/Frameworks",
				);
				PRODUCT_BUNDLE_IDENTIFIER = dev.ezrabathini.timerUITests;
				PRODUCT_NAME = "$(TARGET_NAME)";
				SWIFT_VERSION = 5.0;
				TARGETED_DEVICE_FAMILY = "1,2";
				TEST_TARGET_NAME = timer;
			};
			name = Release;
		};
/* End XCBuildConfiguration section */

/* Begin XCConfigurationList section */
		0632F9F1242C5E3D00024F67 /* Build configuration list for PBXProject "timer" */ = {
			isa = XCConfigurationList;
			buildConfigurations = (
				0632FA1E242C5E3F00024F67 /* Debug */,
				0632FA1F242C5E3F00024F67 /* Release */,
			);
			defaultConfigurationIsVisible = 0;
			defaultConfigurationName = Release;
		};
		0632FA20242C5E3F00024F67 /* Build configuration list for PBXNativeTarget "timer" */ = {
			isa = XCConfigurationList;
			buildConfigurations = (
				0632FA21242C5E3F00024F67 /* Debug */,
				0632FA22242C5E3F00024F67 /* Release */,
			);
			defaultConfigurationIsVisible = 0;
			defaultConfigurationName = Release;
		};
		0632FA23242C5E3F00024F67 /* Build configuration list for PBXNativeTarget "timerTests" */ = {
			isa = XCConfigurationList;
			buildConfigurations = (
				0632FA24242C5E3F00024F67 /* Debug */,
				0632FA25242C5E3F00024F67 /* Release */,
			);
			defaultConfigurationIsVisible = 0;
			defaultConfigurationName = Release;
		};
		0632FA26242C5E3F00024F67 /* Build configuration list for PBXNativeTarget "timerUITests" */ = {
			isa = XCConfigurationList;
			buildConfigurations = (
				0632FA27242C5E3F00024F67 /* Debug */,
				0632FA28242C5E3F00024F67 /* Release */,
			);
			defaultConfigurationIsVisible = 0;
			defaultConfigurationName = Release;
		};
/* End XCConfigurationList section */
	};
	rootObject = 0632F9EE242C5E3D00024F67 /* Project object */;
}
